
Microsoft Visual Studio Solution File, Format Version 12.00
# Visual Studio Version 16
VisualStudioVersion = 16.0.30804.86
MinimumVisualStudioVersion = 10.0.40219.1
Project("{FAE04EC0-301F-11D3-BF4B-00C04F79EFBC}") = "TestIniFile", "TestIniFile.csproj", "{BFC27797-D939-4D3C-9E2E-E8C9DFAEFCF3}"
EndProject
Global
	GlobalSection(SolutionConfigurationPlatforms) = preSolution
		Debug|Any CPU = Debug|Any CPU
		Release|Any CPU = Release|Any CPU
	EndGlobalSection
	GlobalSection(ProjectConfigurationPlatforms) = postSolution
		{BFC27797-D939-4D3C-9E2E-E8C9DFAEFCF3}.Debug|Any CPU.ActiveCfg = Debug|Any CPU
		{BFC27797-D939-4D3C-9E2E-E8C9DFAEFCF3}.Debug|Any CPU.Build.0 = Debug|Any CPU
		{BFC27797-D939-4D3C-9E2E-E8C9DFAEFCF3}.Release|Any CPU.ActiveCfg = Release|Any CPU
		{BFC27797-D939-4D3C-9E2E-E8C9DFAEFCF3}.Release|Any CPU.Build.0 = Release|Any CPU
	EndGlobalSection
	GlobalSection(SolutionProperties) = preSolution
		HideSolutionNode = FALSE
	EndGlobalSection
	GlobalSection(ExtensibilityGlobals) = postSolution
		SolutionGuid = {701ED7F2-77A9-4BF4-8603-7A19F3567FF2}
	EndGlobalSection
EndGlobal
